
Microsoft Visual Studio Solution File, Format Version 12.00
# Visual Studio 15
VisualStudioVersion = 15.0.28307.271
MinimumVisualStudioVersion = 10.0.40219.1
Project("{FAE04EC0-301F-11D3-BF4B-00C04F79EFBC}") = "Api", "Api\Api.csproj", "{19ED30F0-2870-4988-A0B6-35BF2B9CEE46}"
EndProject
Global
	GlobalSection(SolutionConfigurationPlatforms) = preSolution
		Debug|Any CPU = Debug|Any CPU
		Release|Any CPU = Release|Any CPU
	EndGlobalSection
	GlobalSection(ProjectConfigurationPlatforms) = postSolution
		{19ED30F0-2870-4988-A0B6-35BF2B9CEE46}.Debug|Any CPU.ActiveCfg = Debug|Any CPU
		{19ED30F0-2870-4988-A0B6-35BF2B9CEE46}.Debug|Any CPU.Build.0 = Debug|Any CPU
		{19ED30F0-2870-4988-A0B6-35BF2B9CEE46}.Release|Any CPU.ActiveCfg = Release|Any CPU
		{19ED30F0-2870-4988-A0B6-35BF2B9CEE46}.Release|Any CPU.Build.0 = Release|Any CPU
	EndGlobalSection
	GlobalSection(SolutionProperties) = preSolution
		HideSolutionNode = FALSE
	EndGlobalSection
	GlobalSection(ExtensibilityGlobals) = postSolution
		SolutionGuid = {0809AC66-360F-478C-A4E1-8A70BA946683}
	EndGlobalSection
EndGlobal
